
Microsoft Visual Studio Solution File, Format Version 12.00
# Visual Studio Version 17
VisualStudioVersion = 17.7.34202.233
MinimumVisualStudioVersion = 10.0.40219.1
Project("{FAE04EC0-301F-11D3-BF4B-00C04F79EFBC}") = "coreMvcFundamentals", "coreMvcFundamentals\coreMvcFundamentals.csproj", "{F81FE150-DA83-47E2-B1D4-9F186D82D57C}"
EndProject
Global
	GlobalSection(SolutionConfigurationPlatforms) = preSolution
		Debug|Any CPU = Debug|Any CPU
		Release|Any CPU = Release|Any CPU
	EndGlobalSection
	GlobalSection(ProjectConfigurationPlatforms) = postSolution
		{F81FE150-DA83-47E2-B1D4-9F186D82D57C}.Debug|Any CPU.ActiveCfg = Debug|Any CPU
		{F81FE150-DA83-47E2-B1D4-9F186D82D57C}.Debug|Any CPU.Build.0 = Debug|Any CPU
		{F81FE150-DA83-47E2-B1D4-9F186D82D57C}.Release|Any CPU.ActiveCfg = Release|Any CPU
		{F81FE150-DA83-47E2-B1D4-9F186D82D57C}.Release|Any CPU.Build.0 = Release|Any CPU
	EndGlobalSection
	GlobalSection(SolutionProperties) = preSolution
		HideSolutionNode = FALSE
	EndGlobalSection
	GlobalSection(ExtensibilityGlobals) = postSolution
		SolutionGuid = {F072ABF5-AE25-4887-8BEB-CEFAB1FC17B2}
	EndGlobalSection
EndGlobal
